
Microsoft Visual Studio Solution File, Format Version 12.00
# Visual Studio Version 17
VisualStudioVersion = 17.0.31903.59
MinimumVisualStudioVersion = 10.0.40219.1
Project("{2150E333-8FDC-42A3-9474-1A3956D46DE8}") = "build", "build", "{A108FD1C-3283-4C6A-BC2D-33EFEF8363B1}"
EndProject
Project("{FAE04EC0-301F-11D3-BF4B-00C04F79EFBC}") = "Build", "build\Build\Build.csproj", "{50903DF0-1F77-4780-BED0-9C5FEE9E7AED}"
EndProject
Project("{2150E333-8FDC-42A3-9474-1A3956D46DE8}") = "src", "src", "{094936C7-9456-458B-8BD0-4FC9D5907EF1}"
EndProject
Project("{2150E333-8FDC-42A3-9474-1A3956D46DE8}") = "API", "API", "{AC7967D5-4C8C-4460-82A1-5A1D1CD4E1A4}"
EndProject
Project("{FAE04EC0-301F-11D3-BF4B-00C04F79EFBC}") = "CarbonWise.API", "src\API\CarbonWise.API\CarbonWise.API.csproj", "{25AFFA2D-58BD-4577-AFCB-AEDFE8AED0AD}"
	ProjectSection(ProjectDependencies) = postProject
		{2D43B45D-132A-4F34-B509-13129603FC00} = {2D43B45D-132A-4F34-B509-13129603FC00}
		{CFEA52B6-31F4-4368-B720-9E286A681F7E} = {CFEA52B6-31F4-4368-B720-9E286A681F7E}
		{D9BC1DB9-E0CF-47A0-85A2-238D7938AB18} = {D9BC1DB9-E0CF-47A0-85A2-238D7938AB18}
	EndProjectSection
EndProject
Project("{2150E333-8FDC-42A3-9474-1A3956D46DE8}") = "BuildingBlocks", "BuildingBlocks", "{92AE2C2D-3877-4286-9ECD-F4AAB61B9EC1}"
EndProject
Project("{2150E333-8FDC-42A3-9474-1A3956D46DE8}") = "Application", "Application", "{05AE8947-8066-4EB5-8914-F0A2539B7DAF}"
EndProject
Project("{FAE04EC0-301F-11D3-BF4B-00C04F79EFBC}") = "CarbonWise.BuildingBlocks.Application", "src\BuildingBlocks\Application\CarbonWise.BuildingBlocks.Application\CarbonWise.BuildingBlocks.Application.csproj", "{CFEA52B6-31F4-4368-B720-9E286A681F7E}"
EndProject
Project("{2150E333-8FDC-42A3-9474-1A3956D46DE8}") = "Domain", "Domain", "{7E689C28-772B-4874-83B5-D5C254EE5E3E}"
EndProject
Project("{FAE04EC0-301F-11D3-BF4B-00C04F79EFBC}") = "CarbonWise.BuildingBlocks.Domain", "src\BuildingBlocks\Domain\CarbonWise.BuildingBlocks.Domain\CarbonWise.BuildingBlocks.Domain.csproj", "{2D43B45D-132A-4F34-B509-13129603FC00}"
EndProject
Project("{2150E333-8FDC-42A3-9474-1A3956D46DE8}") = "Infrastructure", "Infrastructure", "{38968A78-C410-40A7-AD04-B9541466784C}"
EndProject
Project("{FAE04EC0-301F-11D3-BF4B-00C04F79EFBC}") = "CarbonWise.BuildingBlocks.Infrastructure", "src\BuildingBlocks\Infrastructure\CarbonWise.BuildingBlocks.Infrastructure\CarbonWise.BuildingBlocks.Infrastructure.csproj", "{D9BC1DB9-E0CF-47A0-85A2-238D7938AB18}"
EndProject
Project("{2150E333-8FDC-42A3-9474-1A3956D46DE8}") = "Database", "Database", "{A6362F93-E4A6-4F1B-86E8-329FD9D7887C}"
EndProject
Project("{2150E333-8FDC-42A3-9474-1A3956D46DE8}") = "Database.Build", "Database.Build", "{2230037A-AD19-4EE6-BB83-3B37871C2EAA}"
EndProject
Project("{FAE04EC0-301F-11D3-BF4B-00C04F79EFBC}") = "CarbonWise.Database.Build", "src\Database\Database.Build\CarbonWise.Database.Build\CarbonWise.Database.Build.csproj", "{90043FC7-59EE-4840-BCF1-58E57CA14326}"
EndProject
Project("{2150E333-8FDC-42A3-9474-1A3956D46DE8}") = "DatabaseMigrator", "DatabaseMigrator", "{9070588C-26C5-4CAF-8E88-08F70A36A7F9}"
EndProject
Project("{FAE04EC0-301F-11D3-BF4B-00C04F79EFBC}") = "CarbonWise.DatabaseMigrator", "src\Database\DatabaseMigrator\CarbonWise.DatabaseMigrator\CarbonWise.DatabaseMigrator.csproj", "{6058D977-0F01-4BB9-BA11-0BC06B615530}"
EndProject
Global
	GlobalSection(SolutionConfigurationPlatforms) = preSolution
		Debug|Any CPU = Debug|Any CPU
		Release|Any CPU = Release|Any CPU
	EndGlobalSection
	GlobalSection(ProjectConfigurationPlatforms) = postSolution
		{50903DF0-1F77-4780-BED0-9C5FEE9E7AED}.Debug|Any CPU.ActiveCfg = Debug|Any CPU
		{50903DF0-1F77-4780-BED0-9C5FEE9E7AED}.Debug|Any CPU.Build.0 = Debug|Any CPU
		{50903DF0-1F77-4780-BED0-9C5FEE9E7AED}.Release|Any CPU.ActiveCfg = Release|Any CPU
		{50903DF0-1F77-4780-BED0-9C5FEE9E7AED}.Release|Any CPU.Build.0 = Release|Any CPU
		{25AFFA2D-58BD-4577-AFCB-AEDFE8AED0AD}.Debug|Any CPU.ActiveCfg = Debug|Any CPU
		{25AFFA2D-58BD-4577-AFCB-AEDFE8AED0AD}.Debug|Any CPU.Build.0 = Debug|Any CPU
		{25AFFA2D-58BD-4577-AFCB-AEDFE8AED0AD}.Release|Any CPU.ActiveCfg = Release|Any CPU
		{25AFFA2D-58BD-4577-AFCB-AEDFE8AED0AD}.Release|Any CPU.Build.0 = Release|Any CPU
		{CFEA52B6-31F4-4368-B720-9E286A681F7E}.Debug|Any CPU.ActiveCfg = Debug|Any CPU
		{CFEA52B6-31F4-4368-B720-9E286A681F7E}.Debug|Any CPU.Build.0 = Debug|Any CPU
		{CFEA52B6-31F4-4368-B720-9E286A681F7E}.Release|Any CPU.ActiveCfg = Release|Any CPU
		{CFEA52B6-31F4-4368-B720-9E286A681F7E}.Release|Any CPU.Build.0 = Release|Any CPU
		{2D43B45D-132A-4F34-B509-13129603FC00}.Debug|Any CPU.ActiveCfg = Debug|Any CPU
		{2D43B45D-132A-4F34-B509-13129603FC00}.Debug|Any CPU.Build.0 = Debug|Any CPU
		{2D43B45D-132A-4F34-B509-13129603FC00}.Release|Any CPU.ActiveCfg = Release|Any CPU
		{2D43B45D-132A-4F34-B509-13129603FC00}.Release|Any CPU.Build.0 = Release|Any CPU
		{D9BC1DB9-E0CF-47A0-85A2-238D7938AB18}.Debug|Any CPU.ActiveCfg = Debug|Any CPU
		{D9BC1DB9-E0CF-47A0-85A2-238D7938AB18}.Debug|Any CPU.Build.0 = Debug|Any CPU
		{D9BC1DB9-E0CF-47A0-85A2-238D7938AB18}.Release|Any CPU.ActiveCfg = Release|Any CPU
		{D9BC1DB9-E0CF-47A0-85A2-238D7938AB18}.Release|Any CPU.Build.0 = Release|Any CPU
		{90043FC7-59EE-4840-BCF1-58E57CA14326}.Debug|Any CPU.ActiveCfg = Debug|Any CPU
		{90043FC7-59EE-4840-BCF1-58E57CA14326}.Debug|Any CPU.Build.0 = Debug|Any CPU
		{90043FC7-59EE-4840-BCF1-58E57CA14326}.Release|Any CPU.ActiveCfg = Release|Any CPU
		{90043FC7-59EE-4840-BCF1-58E57CA14326}.Release|Any CPU.Build.0 = Release|Any CPU
		{6058D977-0F01-4BB9-BA11-0BC06B615530}.Debug|Any CPU.ActiveCfg = Debug|Any CPU
		{6058D977-0F01-4BB9-BA11-0BC06B615530}.Debug|Any CPU.Build.0 = Debug|Any CPU
		{6058D977-0F01-4BB9-BA11-0BC06B615530}.Release|Any CPU.ActiveCfg = Release|Any CPU
		{6058D977-0F01-4BB9-BA11-0BC06B615530}.Release|Any CPU.Build.0 = Release|Any CPU
	EndGlobalSection
	GlobalSection(SolutionProperties) = preSolution
		HideSolutionNode = FALSE
	EndGlobalSection
	GlobalSection(NestedProjects) = preSolution
		{50903DF0-1F77-4780-BED0-9C5FEE9E7AED} = {A108FD1C-3283-4C6A-BC2D-33EFEF8363B1}
		{AC7967D5-4C8C-4460-82A1-5A1D1CD4E1A4} = {094936C7-9456-458B-8BD0-4FC9D5907EF1}
		{25AFFA2D-58BD-4577-AFCB-AEDFE8AED0AD} = {AC7967D5-4C8C-4460-82A1-5A1D1CD4E1A4}
		{92AE2C2D-3877-4286-9ECD-F4AAB61B9EC1} = {094936C7-9456-458B-8BD0-4FC9D5907EF1}
		{05AE8947-8066-4EB5-8914-F0A2539B7DAF} = {92AE2C2D-3877-4286-9ECD-F4AAB61B9EC1}
		{CFEA52B6-31F4-4368-B720-9E286A681F7E} = {05AE8947-8066-4EB5-8914-F0A2539B7DAF}
		{7E689C28-772B-4874-83B5-D5C254EE5E3E} = {92AE2C2D-3877-4286-9ECD-F4AAB61B9EC1}
		{2D43B45D-132A-4F34-B509-13129603FC00} = {7E689C28-772B-4874-83B5-D5C254EE5E3E}
		{38968A78-C410-40A7-AD04-B9541466784C} = {92AE2C2D-3877-4286-9ECD-F4AAB61B9EC1}
		{D9BC1DB9-E0CF-47A0-85A2-238D7938AB18} = {38968A78-C410-40A7-AD04-B9541466784C}
		{A6362F93-E4A6-4F1B-86E8-329FD9D7887C} = {094936C7-9456-458B-8BD0-4FC9D5907EF1}
		{2230037A-AD19-4EE6-BB83-3B37871C2EAA} = {A6362F93-E4A6-4F1B-86E8-329FD9D7887C}
		{90043FC7-59EE-4840-BCF1-58E57CA14326} = {2230037A-AD19-4EE6-BB83-3B37871C2EAA}
		{9070588C-26C5-4CAF-8E88-08F70A36A7F9} = {A6362F93-E4A6-4F1B-86E8-329FD9D7887C}
		{6058D977-0F01-4BB9-BA11-0BC06B615530} = {9070588C-26C5-4CAF-8E88-08F70A36A7F9}
	EndGlobalSection
	GlobalSection(ExtensibilityGlobals) = postSolution
		SolutionGuid = {1F7B5CB0-0696-4BBD-876D-9B4CD7FCCEBB}
	EndGlobalSection
EndGlobal
